
Microsoft Visual Studio Solution File, Format Version 12.00
# Visual Studio 15
VisualStudioVersion = 15.0.28307.572
MinimumVisualStudioVersion = 10.0.40219.1
Project("{FAE04EC0-301F-11D3-BF4B-00C04F79EFBC}") = "MessesBox", "MessesBox\MessesBox.csproj", "{AFACEBF2-3FA6-4ED8-BA37-8ABB0A07368E}"
EndProject
Global
	GlobalSection(SolutionConfigurationPlatforms) = preSolution
		Debug|Any CPU = Debug|Any CPU
		Release|Any CPU = Release|Any CPU
	EndGlobalSection
	GlobalSection(ProjectConfigurationPlatforms) = postSolution
		{AFACEBF2-3FA6-4ED8-BA37-8ABB0A07368E}.Debug|Any CPU.ActiveCfg = Debug|Any CPU
		{AFACEBF2-3FA6-4ED8-BA37-8ABB0A07368E}.Debug|Any CPU.Build.0 = Debug|Any CPU
		{AFACEBF2-3FA6-4ED8-BA37-8ABB0A07368E}.Release|Any CPU.ActiveCfg = Release|Any CPU
		{AFACEBF2-3FA6-4ED8-BA37-8ABB0A07368E}.Release|Any CPU.Build.0 = Release|Any CPU
	EndGlobalSection
	GlobalSection(SolutionProperties) = preSolution
		HideSolutionNode = FALSE
	EndGlobalSection
	GlobalSection(ExtensibilityGlobals) = postSolution
		SolutionGuid = {B81BE528-1A7C-46DE-B440-D6C92CCE1612}
	EndGlobalSection
EndGlobal
