
Microsoft Visual Studio Solution File, Format Version 12.00
# Visual Studio 15
VisualStudioVersion = 15.0.28307.572
MinimumVisualStudioVersion = 10.0.40219.1
Project("{FAE04EC0-301F-11D3-BF4B-00C04F79EFBC}") = "WindowsFormsApp1", "WindowsFormsApp1\WindowsFormsApp1.csproj", "{FCD80BA3-4601-41E6-BFF5-F830B62F7F8A}"
EndProject
Global
	GlobalSection(SolutionConfigurationPlatforms) = preSolution
		Debug|Any CPU = Debug|Any CPU
		Release|Any CPU = Release|Any CPU
	EndGlobalSection
	GlobalSection(ProjectConfigurationPlatforms) = postSolution
		{FCD80BA3-4601-41E6-BFF5-F830B62F7F8A}.Debug|Any CPU.ActiveCfg = Debug|Any CPU
		{FCD80BA3-4601-41E6-BFF5-F830B62F7F8A}.Debug|Any CPU.Build.0 = Debug|Any CPU
		{FCD80BA3-4601-41E6-BFF5-F830B62F7F8A}.Release|Any CPU.ActiveCfg = Release|Any CPU
		{FCD80BA3-4601-41E6-BFF5-F830B62F7F8A}.Release|Any CPU.Build.0 = Release|Any CPU
	EndGlobalSection
	GlobalSection(SolutionProperties) = preSolution
		HideSolutionNode = FALSE
	EndGlobalSection
	GlobalSection(ExtensibilityGlobals) = postSolution
		SolutionGuid = {4D8C4A09-1192-4AD4-9BB0-22F0B7C58651}
	EndGlobalSection
EndGlobal
